{
  "version": 4,
  "terraform_version": "1.3.8",
  "serial": 5,
  "lineage": "6ed78dcb-db45-eec5-e8c1-f3866fa205d8",
  "outputs": {},
  "resources": [
    {
      "mode": "data",
      "type": "aiven_kafka",
      "name": "kafka1",
      "provider": "provider[\"registry.terraform.io/aiven/aiven\"]",
      "instances": [
        {
          "schema_version": 0,
          "attributes": {
            "additional_disk_space": null,
            "cloud_name": "aws-us-east-1",
            "components": [
              {
                "component": "kafka",
                "connection_uri": "wex-kafka-public-wex-eventing-public.aivencloud.com:28545",
                "host": "wex-kafka-public-wex-eventing-public.aivencloud.com",
                "kafka_authentication_method": "certificate",
                "port": 28545,
                "route": "dynamic",
                "ssl": true,
                "usage": "primary"
              },
              {
                "component": "kafka",
                "connection_uri": "wex-kafka-public-wex-eventing-public.aivencloud.com:28556",
                "host": "wex-kafka-public-wex-eventing-public.aivencloud.com",
                "kafka_authentication_method": "sasl",
                "port": 28556,
                "route": "dynamic",
                "ssl": true,
                "usage": "primary"
              },
              {
                "component": "kafka_rest",
                "connection_uri": "wex-kafka-public-wex-eventing-public.aivencloud.com:28547",
                "host": "wex-kafka-public-wex-eventing-public.aivencloud.com",
                "kafka_authentication_method": "",
                "port": 28547,
                "route": "dynamic",
                "ssl": true,
                "usage": "primary"
              },
              {
                "component": "schema_registry",
                "connection_uri": "wex-kafka-public-wex-eventing-public.aivencloud.com:28548",
                "host": "wex-kafka-public-wex-eventing-public.aivencloud.com",
                "kafka_authentication_method": "",
                "port": 28548,
                "route": "dynamic",
                "ssl": true,
                "usage": "primary"
              },
              {
                "component": "prometheus",
                "connection_uri": "wex-kafka-public-wex-eventing-public.aivencloud.com:9273",
                "host": "wex-kafka-public-wex-eventing-public.aivencloud.com",
                "kafka_authentication_method": "",
                "port": 9273,
                "route": "dynamic",
                "ssl": true,
                "usage": "primary"
              }
            ],
            "default_acl": null,
            "disk_space": null,
            "disk_space_cap": "0B",
            "disk_space_default": "90GiB",
            "disk_space_step": "0B",
            "disk_space_used": "90GiB",
            "id": "wex-eventing-public/wex-kafka-public",
            "kafka": [
              {
                "access_cert": "-----BEGIN CERTIFICATE-----\nMIIEYzCCAsugAwIBAgIUCDDti3jQvlQz93oNchV1O7ckUZAwDQYJKoZIhvcNAQEM\nBQAwOjE4MDYGA1UEAwwvMjJhMWNmNGYtM2ZiZS00MjEyLTlkYjAtMDUyNzE1NDg1\nMTdiIFByb2plY3QgQ0EwHhcNMjMxMjIyMTQ1NjAxWhcNMjYwMzIxMTQ1NjAxWjBB\nMRkwFwYDVQQKDBB3ZXgta2Fma2EtcHVibGljMREwDwYDVQQLDAh1M3c3dTJ2OTER\nMA8GA1UEAwwIYXZuYWRtaW4wggGiMA0GCSqGSIb3DQEBAQUAA4IBjwAwggGKAoIB\ngQCXBk2MjNKslNQObqcLLwE5eQhW6PvnxWGVErycqIux8HKCnzIXZXON4QepXlf4\n5LJ3XkFTvL+Rob0YIYYCjsoMuiM/oCjm4IaHb77hNRs3vae2/wUIK7NXtpdAbx/Y\nRX2kDcIkAjk9VjLSVto9auJAa2mgGs64PmF75GjktpLQ9exW6iPy1ilwBLWUrhxW\njWQGLTyc82fCX+I4TqpnM7YmtIFWlb6rqEZwucgR/uKPpf/KUG08CAjqS5UC0Rm8\ny8by826jq9t0SK6sDxgBWlCKSMFK1vfv55ugoLno9mJdVUmeUhRVyfRpGAVxafpe\niNpzuAp/e6GKJdu1RxxlFH9SmQKok4r6hXEZPbHaUxDfowZbQBhhISeh0+2TGwxk\nyqe2enCj2wVP9HFQEj43H15ja7MrFtutnT9NrEenoo4p/xqTfK0GQY/ucV+c+ufr\n2tapYRq30D05vLLMkV4G48IJ8838my5DT/I1G8PvJR5KO/KFWXhtOS/iXTtX5DPc\nlw8CAwEAAaNaMFgwHQYDVR0OBBYEFKe086/QN4mPHhFYXe2DJN6v6VHpMAkGA1Ud\nEwQCMAAwCwYDVR0PBAQDAgWgMB8GA1UdIwQYMBaAFASxMoNiVZbWsx5sLLU6TDpy\nfo38MA0GCSqGSIb3DQEBDAUAA4IBgQAbMORPekEDCRPSL6xcYhfwos9KDBGT57m2\nlelwKYPVZjB/lXlrCAHltE8rJe4wdb3uQG2pFNrDDKMSPenBeuFsvPjboR7dBNEO\nNPhGCgHjLb0XgPgEaHdP3wRuN/Yr3VS5ntGIjmA4g05lnac2o+Ek5b4uzMFwG+G7\ns0NWBQZxuh97g4ai9EXOCXuzlDnEjUbEOWN5p/zCIUQqNff13kUY8ieZTwK3Kpca\n7ThgBh07dhU7Gy69L5VhZLHuc8uNgtS24DOXkQyXW0xEz6Toal3sqDUnBNkUXqeH\nRC76MLEK4jUmNyPvrk5JGvLNtbUMnxcQ0iRY8NM2nwQ+cnkG0iNbqVDfh/eZYrV2\neU+u3OEIqJ0zpjItm0oLwqbM6Gp5JRnBtNopiuGfZARJaFdCuG0ResIyOoGrDZ7Z\n8ZU72Tfdlbnj4JKObz7bXk7oh9cbovGSqd2kB9l6G7tLPFq2mUeIKhZtqQ+R/IYW\nXsh4RI4+c5XKXwvkdDFa/JfiRGLEKEI=\n-----END CERTIFICATE-----\n",
                "access_key": "-----BEGIN PRIVATE KEY-----\nMIIG/wIBADANBgkqhkiG9w0BAQEFAASCBukwggblAgEAAoIBgQCXBk2MjNKslNQO\nbqcLLwE5eQhW6PvnxWGVErycqIux8HKCnzIXZXON4QepXlf45LJ3XkFTvL+Rob0Y\nIYYCjsoMuiM/oCjm4IaHb77hNRs3vae2/wUIK7NXtpdAbx/YRX2kDcIkAjk9VjLS\nVto9auJAa2mgGs64PmF75GjktpLQ9exW6iPy1ilwBLWUrhxWjWQGLTyc82fCX+I4\nTqpnM7YmtIFWlb6rqEZwucgR/uKPpf/KUG08CAjqS5UC0Rm8y8by826jq9t0SK6s\nDxgBWlCKSMFK1vfv55ugoLno9mJdVUmeUhRVyfRpGAVxafpeiNpzuAp/e6GKJdu1\nRxxlFH9SmQKok4r6hXEZPbHaUxDfowZbQBhhISeh0+2TGwxkyqe2enCj2wVP9HFQ\nEj43H15ja7MrFtutnT9NrEenoo4p/xqTfK0GQY/ucV+c+ufr2tapYRq30D05vLLM\nkV4G48IJ8838my5DT/I1G8PvJR5KO/KFWXhtOS/iXTtX5DPclw8CAwEAAQKCAYAm\nryugC9ZO9JRY2gkZuUGUCieTs3wLAykauUDs09Nskc2THdoD2i2+Mtz2ij74dwQr\nxU3weBGN6SL5kmS0NQUWO3uZ6ZlwgiSTfpEjOKovHfpeynXsgN0gY5ncnFpI2Iv1\nQLzw4kztJC5CaJLgVod7vsfAhf1bfkcUKA6iPw3eTo/qN3Fb23WjxuEII40IspDj\ncCTtgv+Z71uP1r6ZTsqioWvb1OGRMLpSV5Qi3+oCp5+cn/tK/DfkY9XYcd0o2f1I\nHdhlIKOQtX2kyJq6qRGCemh2i2i1Xk381lwgBqAMmhEsd069KWjyaJcB4hFk56Mx\ngAZGYRE2kQu6wcG8xKVZCJE5iddoHrepJ+f3oEDRW45eJhTn2ZsE5m6vKeZV5o96\nDKC+NxDIwn7v199D9NjNNqImM6TL2P3V1ikB6ofW39yvqQ0yD0Q47alRYKgzzM0g\n/sVszRHyduoRqDEVsOnlWnvvdoWBE/fTMUGTp4uM4BAALl8RgNwPdrEO0p7ah8EC\ngcEAzRNnaHlY/fGo9JXaDC3OiCDihKqhUblQakUuoDzCheWnN0bhrkw+1pFRPGeG\n+50zNKXwoJ4KXIs3wccprsWIU8TFgfJIjA0MgP1BfpuFiArp4bwwyGsqSjP7b3Ux\n5hzavvxv9a7Y5A1lHiwr2+aLU7t3oDI5bgKIABZZqopj3f7wLxmcvYOIdKHkBegV\nDdCk+6usBrUY44VGwNNdkVqpbYT8rHqmVuI1PvVehVcS7VFfjOfKCm9pJ7v8FeMD\ndkxhAoHBALyG4oKJKgm+nAfeBVDId0eHXa85W5+NmafXjoqrYTy9RmgyBV7DFFKe\n9c4ObtO9H9cnk4sXurdKmr5FLsYCj6LzIZe8xWnZAR8g3qcUHqGwDsjmPDQ4trZZ\nqllRj0kP1iNNtZuGXIW3YY8EenRpv/PGQ15Gaoh4upWcaclAdYyHCtjuQGk/fxu4\na9I2h7V5nGKawQCFGiBfCHxfuxq48PzeD6uuM/a3E4xIslmy+QLLmnwm2J1hH3aW\nr6wWe5wZbwKBwQC1n2vD8UTJkw8pntXAV4lEsqsrB9tbf54ioCbNL0KwR1Yy9InH\nTiuQ6J5juuSnTvAcvqI//ff7Qikda4AVE0jLt8eccLGjp6LdUm6A7Mf0VoYQsBUc\nSxznHuaeLdMFk6R/5R5bHoFkaCCX+lLVrHbUr4Eg1ZpbPc6pFSJQkcQkxjZ94Fca\n2LUvZnmGaabL129mnQH75sOmLVEeUZPaucq3/kGxl+ZdqHWzzqfpu9Y9bAYNyvL7\nDvS4hhqaX7WfPcECgcEAhAnEYsBGXQTOqwPonSeJwuMfzjVR4nF+CHuELcLSG4RE\n530BHdlrRmJmraaWIF35CuuA/o3kC7OIpXI2zB/HEc1O3cMsUHHXw0F2L3Z77aos\n8K+vwrNl5FjwYhYpUHZy987ZPs/fxRcmkNAGI7pc4hMd481Vl7dWlqoxvO4UZhO+\nmShknFIIaBXGDjh627MMwFK6ke6m2b01aEZz+MdGoRO1zfv4EPcwDbRslT4wALEw\nxXs/gxoeuyPWbaRhdnapAoHBAK1g3U6v+WdVKqqQVbqM6VP6/CEmjPnMMDmTNOfo\nxen/3W1vFFSmIanFChvAWBl5JpDZG+6/uNqNPTHZmGiqlsX+YaRh5uGCWH00AJgc\nin46Gs4S1VY8Fv3JSi3wTTq9VdoaVVDw9sqMU63pMO8836245XkUAuLD1njC5qlP\n9MKXJiqgV0FSY8ofAXgVDaZ54xcz2gd8sWQagCp8CuPRnHjSllWPIrYpx3YcgG7z\nmJ0LAxoTcPwqxq4AuRLSrepPXw==\n-----END PRIVATE KEY-----\n",
                "connect_uri": "",
                "rest_uri": "https://avnadmin:nbMTBgiYrNDfh0iO@wex-kafka-public-wex-eventing-public.aivencloud.com:28547",
                "schema_registry_uri": "https://avnadmin:nbMTBgiYrNDfh0iO@wex-kafka-public-wex-eventing-public.aivencloud.com:28548"
              }
            ],
            "kafka_user_config": [
              {
                "additional_backup_regions": [],
                "aiven_kafka_topic_messages": false,
                "custom_domain": "",
                "ip_filter": [
                  "0.0.0.0/0"
                ],
                "ip_filter_object": [],
                "ip_filter_string": [],
                "kafka": [
                  {
                    "auto_create_topics_enable": true,
                    "compression_type": "",
                    "connections_max_idle_ms": 0,
                    "default_replication_factor": 0,
                    "group_initial_rebalance_delay_ms": 0,
                    "group_max_session_timeout_ms": 0,
                    "group_min_session_timeout_ms": 0,
                    "log_cleaner_delete_retention_ms": 0,
                    "log_cleaner_max_compaction_lag_ms": 0,
                    "log_cleaner_min_cleanable_ratio": 0,
                    "log_cleaner_min_compaction_lag_ms": 0,
                    "log_cleanup_policy": "",
                    "log_flush_interval_messages": 0,
                    "log_flush_interval_ms": 0,
                    "log_index_interval_bytes": 0,
                    "log_index_size_max_bytes": 0,
                    "log_local_retention_bytes": 0,
                    "log_local_retention_ms": 0,
                    "log_message_downconversion_enable": false,
                    "log_message_timestamp_difference_max_ms": 0,
                    "log_message_timestamp_type": "",
                    "log_preallocate": false,
                    "log_retention_bytes": 0,
                    "log_retention_hours": 0,
                    "log_retention_ms": 0,
                    "log_roll_jitter_ms": 0,
                    "log_roll_ms": 0,
                    "log_segment_bytes": 0,
                    "log_segment_delete_delay_ms": 0,
                    "max_connections_per_ip": 0,
                    "max_incremental_fetch_session_cache_slots": 0,
                    "message_max_bytes": 0,
                    "min_insync_replicas": 0,
                    "num_partitions": 0,
                    "offsets_retention_minutes": 0,
                    "producer_purgatory_purge_interval_requests": 0,
                    "replica_fetch_max_bytes": 0,
                    "replica_fetch_response_max_bytes": 0,
                    "sasl_oauthbearer_expected_audience": "",
                    "sasl_oauthbearer_expected_issuer": "",
                    "sasl_oauthbearer_jwks_endpoint_url": "",
                    "sasl_oauthbearer_sub_claim_name": "",
                    "socket_request_max_bytes": 0,
                    "transaction_partition_verification_enable": false,
                    "transaction_remove_expired_transaction_cleanup_interval_ms": 0,
                    "transaction_state_log_segment_bytes": 0
                  }
                ],
                "kafka_authentication_methods": [
                  {
                    "certificate": true,
                    "sasl": true
                  }
                ],
                "kafka_connect": false,
                "kafka_connect_config": [],
                "kafka_rest": true,
                "kafka_rest_authorization": false,
                "kafka_rest_config": [],
                "kafka_version": "3.4",
                "private_access": [],
                "privatelink_access": [],
                "public_access": [],
                "schema_registry": true,
                "schema_registry_config": [],
                "service_log": false,
                "static_ips": false,
                "tiered_storage": []
              }
            ],
            "karapace": null,
            "maintenance_window_dow": "sunday",
            "maintenance_window_time": "00:00:00",
            "plan": "startup-2",
            "project": "wex-eventing-public",
            "project_vpc_id": null,
            "service_host": "wex-kafka-public-wex-eventing-public.aivencloud.com",
            "service_integrations": null,
            "service_name": "wex-kafka-public",
            "service_password": "nbMTBgiYrNDfh0iO",
            "service_port": 28545,
            "service_type": "kafka",
            "service_uri": "wex-kafka-public-wex-eventing-public.aivencloud.com:28545",
            "service_username": "avnadmin",
            "state": "RUNNING",
            "static_ips": [],
            "tag": [],
            "tech_emails": [],
            "termination_protection": false
          },
          "sensitive_attributes": []
        }
      ]
    },
    {
      "mode": "data",
      "type": "aiven_project",
      "name": "public",
      "provider": "provider[\"registry.terraform.io/aiven/aiven\"]",
      "instances": [
        {
          "schema_version": 0,
          "attributes": {
            "account_id": "a371a076f12f",
            "add_account_owners_admin_access": null,
            "available_credits": "0.00",
            "billing_group": "9dc10266-0c18-4419-b8b3-a778c054f209",
            "ca_cert": "-----BEGIN CERTIFICATE-----\nMIIEQTCCAqmgAwIBAgIUMfq0uvQo/BUF/Wx7Lm6tpnEvLjAwDQYJKoZIhvcNAQEM\nBQAwOjE4MDYGA1UEAwwvMjJhMWNmNGYtM2ZiZS00MjEyLTlkYjAtMDUyNzE1NDg1\nMTdiIFByb2plY3QgQ0EwHhcNMjExMjIyMTQxNjM3WhcNMzExMjIwMTQxNjM3WjA6\nMTgwNgYDVQQDDC8yMmExY2Y0Zi0zZmJlLTQyMTItOWRiMC0wNTI3MTU0ODUxN2Ig\nUHJvamVjdCBDQTCCAaIwDQYJKoZIhvcNAQEBBQADggGPADCCAYoCggGBANWRHkdD\nbxhwpUtqpBM+48OCmVtnfU/IeXDb5CSkOBwFEZwgAKmybydTMIzMfTUKr3IVcrQc\n7V2fMAPpdJUikC3HAE+a+qygknvokhO18Pe9Os+MfLWB4Yf5Txr1HXrMEGjmBr3D\n7YNUntPNWjqDvAUNcoEmPBJ5t6Qls6z4VQVYSE/abJp6amhfIpt78cmfyomn+56v\nvqz6h66zeMGUVACknEFijImwIV6EAw8/kCeOo38h4dL7POFzoflbS6n2KkcXX7PP\nmwQR1I1aq0/rdPrSfc918KLqLZ3/xt4lnsGHAFt2CNF8UgfoBBZH57hjjKsGv2G1\nNi72yyLh+J5u4kQVor/P3XrGFLdqvJXxW6XiQ5TwiuYJp82PoSQi+S6CBlnPcDCj\nw6A7Bb+V5VNufE0YeuVOIZ+Va9+Kn7lK4x+scAzgQAlPLUYBeSZewkEq6TYPmmiO\nvx3+zUWG9pkb4q6lOCDSiY3AGNSq2IGtg9qtMexh/Gtv8sniQ7xCM6LnlQIDAQAB\noz8wPTAdBgNVHQ4EFgQUBLEyg2JVltazHmwstTpMOnJ+jfwwDwYDVR0TBAgwBgEB\n/wIBADALBgNVHQ8EBAMCAQYwDQYJKoZIhvcNAQEMBQADggGBAAd7v7m9v4LfzShx\ncWQfNnGCoiRsA0TmiJ+qk1sdNcKt+O4n27OGIvE7d/mxsZhRNoyXB2kKnLK403Rf\nwWyA0E+EVQToRyRri3BysgnoAb4dUbxxwKe1IirVUMKCT8ZFBx4ySnjhs6K7bp9p\nJb3mtLEhPQ7sg/ttAtbt32zqPK+IwgoL1UkqtJzv7TO77nGjEDqY0z0hBS7Xbs7z\nCK7w1Bqn2qwA3RwYQoDIgCAxejHsE6LNzBHcFa07ZqDAK2gaXQKka2UirLtTQoa0\npHVJ6j3+F8pYWZLxnYuYXW1jrIR1+McqhsTWL1CNTQPN8cOHCXAVae1jhvyPIDwX\nTpqgVUM2jZx0CPw7k2tWz8PSv6ioMne5RhDEpXVIm5PqqKg7rnyYmPaukIkgLzYC\nQs9dsdZNNFGDpOnw6/FQvg+eNptKTBB2I8zWP5GJH+CV7iQmOfe+NBwKPFuoabtU\nvQFs4kAT7eZalpH/x+eHym1jhdXmfMyk6jhFlJgwrYEj5FrEEQ==\n-----END CERTIFICATE-----\n",
            "copy_from_project": null,
            "default_cloud": "aws-us-east-1",
            "estimated_balance": "266.94",
            "id": "wex-eventing-public",
            "parent_id": null,
            "payment_method": "email",
            "project": "wex-eventing-public",
            "tag": [],
            "technical_emails": [
              "edward.oconnor@wexinc.com",
              "felipe.dumer@wexinc.com",
              "joel.cohen@wexinc.com",
              "john.costa@wexinc.com",
              "lucas.dutra@wexinc.com",
              "mark.codere@wexinc.com",
              "nivaldo.ferreiralima@wexinc.com"
            ],
            "use_source_project_billing_group": null
          },
          "sensitive_attributes": []
        }
      ]
    },
    {
      "mode": "managed",
      "type": "aiven_kafka_topic",
      "name": "mytesttopic",
      "provider": "provider[\"registry.terraform.io/aiven/aiven\"]",
      "instances": [
        {
          "schema_version": 1,
          "attributes": {
            "config": [
              {
                "cleanup_policy": "compact,delete",
                "compression_type": "",
                "delete_retention_ms": "",
                "file_delete_delay_ms": "",
                "flush_messages": "",
                "flush_ms": "10",
                "index_interval_bytes": "",
                "local_retention_bytes": "",
                "local_retention_ms": "",
                "max_compaction_lag_ms": "",
                "max_message_bytes": "",
                "message_downconversion_enable": false,
                "message_format_version": "",
                "message_timestamp_difference_max_ms": "",
                "message_timestamp_type": "",
                "min_cleanable_dirty_ratio": 0,
                "min_compaction_lag_ms": "",
                "min_insync_replicas": "",
                "preallocate": false,
                "remote_storage_enable": false,
                "retention_bytes": "",
                "retention_ms": "",
                "segment_bytes": "",
                "segment_index_bytes": "",
                "segment_jitter_ms": "",
                "segment_ms": "",
                "unclean_leader_election_enable": false
              }
            ],
            "id": "wex-eventing-public/wex-kafka-public/TestTopic",
            "partitions": 5,
            "project": "wex-eventing-public",
            "replication": 3,
            "service_name": "wex-kafka-public",
            "tag": [],
            "termination_protection": false,
            "timeouts": {
              "create": "1m",
              "default": null,
              "delete": null,
              "read": "5m",
              "update": null
            },
            "topic_name": "TestTopic"
          },
          "sensitive_attributes": [],
          "private": "eyJlMmJmYjczMC1lY2FhLTExZTYtOGY4OC0zNDM2M2JjN2M0YzAiOnsiY3JlYXRlIjo2MDAwMDAwMDAwMCwiZGVmYXVsdCI6MTIwMDAwMDAwMDAwMCwiZGVsZXRlIjoxMjAwMDAwMDAwMDAwLCJyZWFkIjozMDAwMDAwMDAwMDAsInVwZGF0ZSI6MTIwMDAwMDAwMDAwMH0sInNjaGVtYV92ZXJzaW9uIjoiMSJ9",
          "dependencies": [
            "data.aiven_kafka.kafka1",
            "data.aiven_project.public"
          ]
        }
      ]
    }
  ],
  "check_results": null
}
